
Microsoft Visual Studio Solution File, Format Version 11.00
# Visual Studio 2010
Project("{FAE04EC0-301F-11D3-BF4B-00C04F79EFBC}") = "Client", "Client.csproj", "{F37325C5-33E2-B21F-F37E-D72BA7227AEE}"
EndProject
Project("{FAE04EC0-301F-11D3-BF4B-00C04F79EFBC}") = "BattleProxy", "BattleProxy.csproj", "{08212D5B-C38E-151D-525B-5320A97CEEE2}"
EndProject
Project("{FAE04EC0-301F-11D3-BF4B-00C04F79EFBC}") = "Core", "Core.csproj", "{7F24B9D5-CA2C-D3DF-6105-8036A13F501D}"
EndProject
Project("{FAE04EC0-301F-11D3-BF4B-00C04F79EFBC}") = "Network", "Network.csproj", "{5C9396A4-DE3C-951F-0062-8D31DDECEBF4}"
EndProject
Project("{FAE04EC0-301F-11D3-BF4B-00C04F79EFBC}") = "Assembly-CSharp", "Assembly-CSharp.csproj", "{12F44184-A422-5F27-22E6-507969043F15}"
EndProject
Project("{FAE04EC0-301F-11D3-BF4B-00C04F79EFBC}") = "Server", "Server.csproj", "{6FF4F0B1-A046-7D07-31A8-84E6EFE374D6}"
EndProject
Project("{FAE04EC0-301F-11D3-BF4B-00C04F79EFBC}") = "GameProxy", "GameProxy.csproj", "{7BF6B527-60E0-2180-CCE0-1ACB3AC2E704}"
EndProject
Project("{FAE04EC0-301F-11D3-BF4B-00C04F79EFBC}") = "OutGameLogic", "OutGameLogic.csproj", "{97C57F31-373C-EFFE-AAD8-03EE13BF3BC9}"
EndProject
Project("{FAE04EC0-301F-11D3-BF4B-00C04F79EFBC}") = "Assembly-CSharp-Editor-firstpass", "Assembly-CSharp-Editor-firstpass.csproj", "{2292066C-03A4-5733-4636-43653C20A180}"
EndProject
Project("{FAE04EC0-301F-11D3-BF4B-00C04F79EFBC}") = "Assembly-CSharp-Editor", "Assembly-CSharp-Editor.csproj", "{5544F79C-5306-909F-C855-53D6959D5DFD}"
EndProject
Global
	GlobalSection(SolutionConfigurationPlatforms) = preSolution
		Debug|Any CPU = Debug|Any CPU
		Release|Any CPU = Release|Any CPU
	EndGlobalSection
	GlobalSection(ProjectConfigurationPlatforms) = postSolution
		{F37325C5-33E2-B21F-F37E-D72BA7227AEE}.Debug|Any CPU.ActiveCfg = Debug|Any CPU
		{F37325C5-33E2-B21F-F37E-D72BA7227AEE}.Debug|Any CPU.Build.0 = Debug|Any CPU
		{F37325C5-33E2-B21F-F37E-D72BA7227AEE}.Release|Any CPU.ActiveCfg = Release|Any CPU
		{F37325C5-33E2-B21F-F37E-D72BA7227AEE}.Release|Any CPU.Build.0 = Release|Any CPU
		{08212D5B-C38E-151D-525B-5320A97CEEE2}.Debug|Any CPU.ActiveCfg = Debug|Any CPU
		{08212D5B-C38E-151D-525B-5320A97CEEE2}.Debug|Any CPU.Build.0 = Debug|Any CPU
		{08212D5B-C38E-151D-525B-5320A97CEEE2}.Release|Any CPU.ActiveCfg = Release|Any CPU
		{08212D5B-C38E-151D-525B-5320A97CEEE2}.Release|Any CPU.Build.0 = Release|Any CPU
		{7F24B9D5-CA2C-D3DF-6105-8036A13F501D}.Debug|Any CPU.ActiveCfg = Debug|Any CPU
		{7F24B9D5-CA2C-D3DF-6105-8036A13F501D}.Debug|Any CPU.Build.0 = Debug|Any CPU
		{7F24B9D5-CA2C-D3DF-6105-8036A13F501D}.Release|Any CPU.ActiveCfg = Release|Any CPU
		{7F24B9D5-CA2C-D3DF-6105-8036A13F501D}.Release|Any CPU.Build.0 = Release|Any CPU
		{5C9396A4-DE3C-951F-0062-8D31DDECEBF4}.Debug|Any CPU.ActiveCfg = Debug|Any CPU
		{5C9396A4-DE3C-951F-0062-8D31DDECEBF4}.Debug|Any CPU.Build.0 = Debug|Any CPU
		{5C9396A4-DE3C-951F-0062-8D31DDECEBF4}.Release|Any CPU.ActiveCfg = Release|Any CPU
		{5C9396A4-DE3C-951F-0062-8D31DDECEBF4}.Release|Any CPU.Build.0 = Release|Any CPU
		{12F44184-A422-5F27-22E6-507969043F15}.Debug|Any CPU.ActiveCfg = Debug|Any CPU
		{12F44184-A422-5F27-22E6-507969043F15}.Debug|Any CPU.Build.0 = Debug|Any CPU
		{12F44184-A422-5F27-22E6-507969043F15}.Release|Any CPU.ActiveCfg = Release|Any CPU
		{12F44184-A422-5F27-22E6-507969043F15}.Release|Any CPU.Build.0 = Release|Any CPU
		{6FF4F0B1-A046-7D07-31A8-84E6EFE374D6}.Debug|Any CPU.ActiveCfg = Debug|Any CPU
		{6FF4F0B1-A046-7D07-31A8-84E6EFE374D6}.Debug|Any CPU.Build.0 = Debug|Any CPU
		{6FF4F0B1-A046-7D07-31A8-84E6EFE374D6}.Release|Any CPU.ActiveCfg = Release|Any CPU
		{6FF4F0B1-A046-7D07-31A8-84E6EFE374D6}.Release|Any CPU.Build.0 = Release|Any CPU
		{7BF6B527-60E0-2180-CCE0-1ACB3AC2E704}.Debug|Any CPU.ActiveCfg = Debug|Any CPU
		{7BF6B527-60E0-2180-CCE0-1ACB3AC2E704}.Debug|Any CPU.Build.0 = Debug|Any CPU
		{7BF6B527-60E0-2180-CCE0-1ACB3AC2E704}.Release|Any CPU.ActiveCfg = Release|Any CPU
		{7BF6B527-60E0-2180-CCE0-1ACB3AC2E704}.Release|Any CPU.Build.0 = Release|Any CPU
		{97C57F31-373C-EFFE-AAD8-03EE13BF3BC9}.Debug|Any CPU.ActiveCfg = Debug|Any CPU
		{97C57F31-373C-EFFE-AAD8-03EE13BF3BC9}.Debug|Any CPU.Build.0 = Debug|Any CPU
		{97C57F31-373C-EFFE-AAD8-03EE13BF3BC9}.Release|Any CPU.ActiveCfg = Release|Any CPU
		{97C57F31-373C-EFFE-AAD8-03EE13BF3BC9}.Release|Any CPU.Build.0 = Release|Any CPU
		{2292066C-03A4-5733-4636-43653C20A180}.Debug|Any CPU.ActiveCfg = Debug|Any CPU
		{2292066C-03A4-5733-4636-43653C20A180}.Debug|Any CPU.Build.0 = Debug|Any CPU
		{2292066C-03A4-5733-4636-43653C20A180}.Release|Any CPU.ActiveCfg = Release|Any CPU
		{2292066C-03A4-5733-4636-43653C20A180}.Release|Any CPU.Build.0 = Release|Any CPU
		{5544F79C-5306-909F-C855-53D6959D5DFD}.Debug|Any CPU.ActiveCfg = Debug|Any CPU
		{5544F79C-5306-909F-C855-53D6959D5DFD}.Debug|Any CPU.Build.0 = Debug|Any CPU
		{5544F79C-5306-909F-C855-53D6959D5DFD}.Release|Any CPU.ActiveCfg = Release|Any CPU
		{5544F79C-5306-909F-C855-53D6959D5DFD}.Release|Any CPU.Build.0 = Release|Any CPU
	EndGlobalSection
	GlobalSection(SolutionProperties) = preSolution
		HideSolutionNode = FALSE
	EndGlobalSection
	GlobalSection(MonoDevelopProperties) = preSolution
		StartupItem = Assembly-CSharp.csproj
	EndGlobalSection
EndGlobal
