
Microsoft Visual Studio Solution File, Format Version 12.00
# Visual Studio 15
Project("{FAE04EC0-301F-11D3-BF4B-00C04F79EFBC}") = "CardGame Framework", "CardGame Framework.csproj", "{DEF67929-C0B6-4BAF-AB41-6DF9F8B49FC9}"
EndProject
Global
	GlobalSection(SolutionConfigurationPlatforms) = preSolution
		Debug|Any CPU = Debug|Any CPU
		Release|Any CPU = Release|Any CPU
	EndGlobalSection
	GlobalSection(ProjectConfigurationPlatforms) = postSolution
		{DEF67929-C0B6-4BAF-AB41-6DF9F8B49FC9}.Debug|Any CPU.ActiveCfg = Debug|Any CPU
		{DEF67929-C0B6-4BAF-AB41-6DF9F8B49FC9}.Debug|Any CPU.Build.0 = Debug|Any CPU
		{DEF67929-C0B6-4BAF-AB41-6DF9F8B49FC9}.Release|Any CPU.ActiveCfg = Release|Any CPU
		{DEF67929-C0B6-4BAF-AB41-6DF9F8B49FC9}.Release|Any CPU.Build.0 = Release|Any CPU
	EndGlobalSection
	GlobalSection(SolutionProperties) = preSolution
		HideSolutionNode = FALSE
	EndGlobalSection
EndGlobal
