Microsoft Visual Studio Solution File, Format Version 12.00
# Visual Studio 15
VisualStudioVersion = 15.0.27703.2035
MinimumVisualStudioVersion = 10.0.40219.1
Project("{FAE04EC0-301F-11D3-BF4B-00C04F79EFBC}") = "Common", "Common\Common.csproj", "{36665E3C-C981-4D6F-98A9-010A9AC2F3C7}"
EndProject
Project("{FAE04EC0-301F-11D3-BF4B-00C04F79EFBC}") = "Server", "Server\Server.csproj", "{36E231EC-EF58-48B3-AD3B-47926ECC1442}"
EndProject
Global
	GlobalSection(SolutionConfigurationPlatforms) = preSolution
		Debug|x86 = Debug|x86
		DEVELOP|x86 = DEVELOP|x86
		FORMAL|x86 = FORMAL|x86
		Release|x86 = Release|x86
		TEST|x86 = TEST|x86
	EndGlobalSection
	GlobalSection(ProjectConfigurationPlatforms) = postSolution
		{36665E3C-C981-4D6F-98A9-010A9AC2F3C7}.Debug|x86.ActiveCfg = Debug|Any CPU
		{36665E3C-C981-4D6F-98A9-010A9AC2F3C7}.Debug|x86.Build.0 = Debug|Any CPU
		{36665E3C-C981-4D6F-98A9-010A9AC2F3C7}.DEVELOP|x86.ActiveCfg = Debug|Any CPU
		{36665E3C-C981-4D6F-98A9-010A9AC2F3C7}.DEVELOP|x86.Build.0 = Debug|Any CPU
		{36665E3C-C981-4D6F-98A9-010A9AC2F3C7}.FORMAL|x86.ActiveCfg = Release|Any CPU
		{36665E3C-C981-4D6F-98A9-010A9AC2F3C7}.FORMAL|x86.Build.0 = Release|Any CPU
		{36665E3C-C981-4D6F-98A9-010A9AC2F3C7}.Release|x86.ActiveCfg = Release|Any CPU
		{36665E3C-C981-4D6F-98A9-010A9AC2F3C7}.Release|x86.Build.0 = Release|Any CPU
		{36665E3C-C981-4D6F-98A9-010A9AC2F3C7}.TEST|x86.ActiveCfg = Release|Any CPU
		{36665E3C-C981-4D6F-98A9-010A9AC2F3C7}.TEST|x86.Build.0 = Release|Any CPU
		{36E231EC-EF58-48B3-AD3B-47926ECC1442}.Debug|x86.ActiveCfg = Debug|Any CPU
		{36E231EC-EF58-48B3-AD3B-47926ECC1442}.Debug|x86.Build.0 = Debug|Any CPU
		{36E231EC-EF58-48B3-AD3B-47926ECC1442}.DEVELOP|x86.ActiveCfg = DEVELOP|Any CPU
		{36E231EC-EF58-48B3-AD3B-47926ECC1442}.DEVELOP|x86.Build.0 = DEVELOP|Any CPU
		{36E231EC-EF58-48B3-AD3B-47926ECC1442}.FORMAL|x86.ActiveCfg = FORMAL|Any CPU
		{36E231EC-EF58-48B3-AD3B-47926ECC1442}.FORMAL|x86.Build.0 = FORMAL|Any CPU
		{36E231EC-EF58-48B3-AD3B-47926ECC1442}.Release|x86.ActiveCfg = Release|Any CPU
		{36E231EC-EF58-48B3-AD3B-47926ECC1442}.Release|x86.Build.0 = Release|Any CPU
		{36E231EC-EF58-48B3-AD3B-47926ECC1442}.TEST|x86.ActiveCfg = Debug|Any CPU
		{36E231EC-EF58-48B3-AD3B-47926ECC1442}.TEST|x86.Build.0 = Debug|Any CPU
	EndGlobalSection
	GlobalSection(SolutionProperties) = preSolution
		HideSolutionNode = FALSE
	EndGlobalSection
	GlobalSection(ExtensibilityGlobals) = postSolution
		SolutionGuid = {B69ABC10-A89E-4C6E-9261-629FE8538B02}
	EndGlobalSection
	GlobalSection(Performance) = preSolution
		HasPerformanceSessions = true
	EndGlobalSection
EndGlobal
